
Microsoft Visual Studio Solution File, Format Version 12.00
# Visual Studio Version 16
VisualStudioVersion = 16.0.30002.166
MinimumVisualStudioVersion = 10.0.40219.1
Project("{8BC9CEB8-8B4A-11D0-8D11-00A0C91BC942}") = "otclient", "otclient.vcxproj", "{17A8F78F-1FFB-4128-A3B3-59CC6C19D89A}"
EndProject
Global
	GlobalSection(SolutionConfigurationPlatforms) = preSolution
		Debug_lib|Win32 = Debug_lib|Win32
		Debug|Win32 = Debug|Win32
		DirectX|Win32 = DirectX|Win32
		OpenGL|Win32 = OpenGL|Win32
	EndGlobalSection
	GlobalSection(ProjectConfigurationPlatforms) = postSolution
		{17A8F78F-1FFB-4128-A3B3-59CC6C19D89A}.Debug_lib|Win32.ActiveCfg = Debug_lib|Win32
		{17A8F78F-1FFB-4128-A3B3-59CC6C19D89A}.Debug_lib|Win32.Build.0 = Debug_lib|Win32
		{17A8F78F-1FFB-4128-A3B3-59CC6C19D89A}.Debug|Win32.ActiveCfg = Debug|Win32
		{17A8F78F-1FFB-4128-A3B3-59CC6C19D89A}.Debug|Win32.Build.0 = Debug|Win32
		{17A8F78F-1FFB-4128-A3B3-59CC6C19D89A}.DirectX|Win32.ActiveCfg = DirectX|Win32
		{17A8F78F-1FFB-4128-A3B3-59CC6C19D89A}.DirectX|Win32.Build.0 = DirectX|Win32
		{17A8F78F-1FFB-4128-A3B3-59CC6C19D89A}.OpenGL|Win32.ActiveCfg = OpenGL|Win32
		{17A8F78F-1FFB-4128-A3B3-59CC6C19D89A}.OpenGL|Win32.Build.0 = OpenGL|Win32
	EndGlobalSection
	GlobalSection(SolutionProperties) = preSolution
		HideSolutionNode = TRUE
	EndGlobalSection
	GlobalSection(ExtensibilityGlobals) = postSolution
		SolutionGuid = {9729773E-3760-4D27-9CB3-F3AC2A011E79}
	EndGlobalSection
EndGlobal
